
Microsoft Visual Studio Solution File, Format Version 12.00
# Visual Studio Version 16
VisualStudioVersion = 16.0.29905.134
MinimumVisualStudioVersion = 15.0.26124.0
Project("{9A19103F-16F7-4668-BE54-9A1E7A4F7556}") = "OOP-Essentials", "OOP-Essentials\OOP-Essentials.csproj", "{ADB288CE-CA54-49ED-848D-D106535EE945}"
EndProject
Project("{9A19103F-16F7-4668-BE54-9A1E7A4F7556}") = "Undo Mekanizem - MY SOLVE", "Undo Mekanizem - MY SOLVE\Undo Mekanizem - MY SOLVE.csproj", "{42222268-B3A7-41E4-8D1E-0911E42F053C}"
EndProject
Project("{9A19103F-16F7-4668-BE54-9A1E7A4F7556}") = "Undo Mekanizem - Memento Pattern", "Undo Mekanizem - Memento Pattern\Undo Mekanizem - Memento Pattern.csproj", "{2A77893C-4011-496D-9375-A84DC20F2E67}"
EndProject
Project("{9A19103F-16F7-4668-BE54-9A1E7A4F7556}") = "State - My SOLVE", "State - My SOLVE\State - My SOLVE.csproj", "{9B3E4046-444F-4756-B4F3-6B35758224AF}"
EndProject
Project("{9A19103F-16F7-4668-BE54-9A1E7A4F7556}") = "Browse History - Iterator Pattern", "Browse History - Iterator Pattern\Browse History - Iterator Pattern.csproj", "{2E9CFE41-2B86-41C9-A575-C80A29547106}"
EndProject
Project("{9A19103F-16F7-4668-BE54-9A1E7A4F7556}") = "Store Image - My Solve", "Store Image - My Solve\Store Image - My Solve.csproj", "{2E21D663-B9B0-4B35-B5D4-B1044789466A}"
EndProject
Project("{9A19103F-16F7-4668-BE54-9A1E7A4F7556}") = "Store Image - Strategy Pattern", "Store Image - Strategy Pattern\Store Image - Strategy Pattern.csproj", "{4800B357-4DA3-441B-8E93-9F9614873B0D}"
EndProject
Project("{9A19103F-16F7-4668-BE54-9A1E7A4F7556}") = "Banking - My SOLVE", "Banking - My SOLVE\Banking - My SOLVE.csproj", "{8832EFD5-FD0E-431E-B160-7FB593F815E5}"
EndProject
Project("{9A19103F-16F7-4668-BE54-9A1E7A4F7556}") = "Banking - Template method pattern", "Banking - Template method pattern\Banking - Template method pattern.csproj", "{7B569803-1263-40E7-A90B-F98E337EA583}"
EndProject
Project("{9A19103F-16F7-4668-BE54-9A1E7A4F7556}") = "CommandPattern - Graphical User Interface - My SOLVE", "CommandPattern - Graphical User Interface - My SOLVE\CommandPattern - Graphical User Interface - My SOLVE.csproj", "{6BBC8E62-22BB-423E-BB82-2E63EDA4930F}"
EndProject
Project("{9A19103F-16F7-4668-BE54-9A1E7A4F7556}") = "CommandPattern - Button That do Deffrant Tasks -My SOLVE 2", "CommandPattern - Button That do Deffrant Tasks -My SOLVE 2\CommandPattern - Button That do Deffrant Tasks -My SOLVE 2.csproj", "{48A6DB84-0D3A-4922-A632-3663ECB1729D}"
EndProject
Project("{9A19103F-16F7-4668-BE54-9A1E7A4F7556}") = "Command Pattern", "Command Pattern\Command Pattern.csproj", "{7232F3E4-DD14-43B5-B073-1187AE01ECD2}"
EndProject
Project("{9A19103F-16F7-4668-BE54-9A1E7A4F7556}") = "Command Pattern - Composit Commands", "Command Pattern - Composit Commands\Command Pattern - Composit Commands.csproj", "{C458EC1C-1AF8-4AF1-83B8-408869A8A05D}"
EndProject
Project("{9A19103F-16F7-4668-BE54-9A1E7A4F7556}") = "Command Pattern - Undoble Commands", "Command Pattern - Undoble Commands\Command Pattern - Undoble Commands.csproj", "{4F2A832C-2FDC-444D-BD72-01F9997C8304}"
EndProject
Project("{9A19103F-16F7-4668-BE54-9A1E7A4F7556}") = "Observer Pattern - My SOLVE", "Observer Pattern - My SOLVE\Observer Pattern - My SOLVE.csproj", "{8EAADF3D-62FB-4A0F-90BD-1B4301416D3D}"
EndProject
Project("{9A19103F-16F7-4668-BE54-9A1E7A4F7556}") = "Observer Pattern", "Observer Pattern\Observer Pattern.csproj", "{0808911E-3799-4E78-B07A-E26C203A6C13}"
EndProject
Project("{9A19103F-16F7-4668-BE54-9A1E7A4F7556}") = "Observer Pattern - Communication - Push Style", "Observer Pattern - Communication - Push Syle\Observer Pattern - Communication - Push Style.csproj", "{3278ADB3-A00B-4AA9-8970-95626DEBA37A}"
EndProject
Project("{9A19103F-16F7-4668-BE54-9A1E7A4F7556}") = "Observer Pattern - Communication - Pull Style", "Observer Pattern - Communication - Pull Style\Observer Pattern - Communication - Pull Style.csproj", "{1E37C776-D381-4FB5-A1A1-742A60732C98}"
EndProject
Project("{9A19103F-16F7-4668-BE54-9A1E7A4F7556}") = "Mediator Pattern - My SOLVE", "Mediator Pattern - My SOLVE\Mediator Pattern - My SOLVE.csproj", "{D564C138-3322-4BC2-A7C4-DEA8AA299508}"
EndProject
Project("{9A19103F-16F7-4668-BE54-9A1E7A4F7556}") = "Mediator Pattern", "Mediator Pattern\Mediator Pattern.csproj", "{C09E9452-488B-4F26-91D6-C958DD17BD95}"
EndProject
Project("{9A19103F-16F7-4668-BE54-9A1E7A4F7556}") = "Mediator Pattern - using the Observer Pattern", "Mediator Pattern - using the Observer Pattern\Mediator Pattern - using the Observer Pattern.csproj", "{8FF0D215-6082-4365-9C9E-F0CE876170D0}"
EndProject
Project("{9A19103F-16F7-4668-BE54-9A1E7A4F7556}") = "Mediator Pattern - using the Observer Pattern - My SOLVE", "Mediator Pattern - using the Observer Pattern - My SOLVE\Mediator Pattern - using the Observer Pattern - My SOLVE.csproj", "{FC1BE1F0-13DE-41C4-BD11-A582D5134EB9}"
EndProject
Project("{9A19103F-16F7-4668-BE54-9A1E7A4F7556}") = "Chain Of Responsibility Pattern", "Chain Of Responsibility Pattern\Chain Of Responsibility Pattern.csproj", "{CED6A5D9-828B-40AD-A008-691860F4B271}"
EndProject
Project("{9A19103F-16F7-4668-BE54-9A1E7A4F7556}") = "Visitor Pattern", "Visitor Pattern\Visitor Pattern.csproj", "{FD650AFC-B16A-4FFE-85E0-B8175E55961A}"
EndProject
Project("{9A19103F-16F7-4668-BE54-9A1E7A4F7556}") = "Composite Pattern", "Composite\Composite Pattern.csproj", "{B21CBF59-9457-42CC-BFDA-71AC70CA188F}"
EndProject
Project("{9A19103F-16F7-4668-BE54-9A1E7A4F7556}") = "Adapter", "Adapter\Adapter.csproj", "{4B56FBD8-DA22-4B09-9F12-EA174854C596}"
EndProject
Project("{9A19103F-16F7-4668-BE54-9A1E7A4F7556}") = "Decorator", "Decorator\Decorator.csproj", "{642EBC30-F547-4E0D-9BA8-B5507E6C9B9C}"
EndProject
Project("{FAE04EC0-301F-11D3-BF4B-00C04F79EFBC}") = "Facade Pattern", "Facade Pattern\Facade Pattern.csproj", "{CA073F2F-9CE7-41EE-AFEC-78CD1F6A75DC}"
EndProject
Project("{FAE04EC0-301F-11D3-BF4B-00C04F79EFBC}") = "Flyweight Pattern", "Flyweight Pattern\Flyweight Pattern.csproj", "{BF832A35-624E-4AC5-8B4E-9088EE68371C}"
EndProject
Global
	GlobalSection(SolutionConfigurationPlatforms) = preSolution
		Debug|Any CPU = Debug|Any CPU
		Debug|x64 = Debug|x64
		Debug|x86 = Debug|x86
		Release|Any CPU = Release|Any CPU
		Release|x64 = Release|x64
		Release|x86 = Release|x86
	EndGlobalSection
	GlobalSection(ProjectConfigurationPlatforms) = postSolution
		{ADB288CE-CA54-49ED-848D-D106535EE945}.Debug|Any CPU.ActiveCfg = Debug|Any CPU
		{ADB288CE-CA54-49ED-848D-D106535EE945}.Debug|Any CPU.Build.0 = Debug|Any CPU
		{ADB288CE-CA54-49ED-848D-D106535EE945}.Debug|x64.ActiveCfg = Debug|Any CPU
		{ADB288CE-CA54-49ED-848D-D106535EE945}.Debug|x64.Build.0 = Debug|Any CPU
		{ADB288CE-CA54-49ED-848D-D106535EE945}.Debug|x86.ActiveCfg = Debug|Any CPU
		{ADB288CE-CA54-49ED-848D-D106535EE945}.Debug|x86.Build.0 = Debug|Any CPU
		{ADB288CE-CA54-49ED-848D-D106535EE945}.Release|Any CPU.ActiveCfg = Release|Any CPU
		{ADB288CE-CA54-49ED-848D-D106535EE945}.Release|Any CPU.Build.0 = Release|Any CPU
		{ADB288CE-CA54-49ED-848D-D106535EE945}.Release|x64.ActiveCfg = Release|Any CPU
		{ADB288CE-CA54-49ED-848D-D106535EE945}.Release|x64.Build.0 = Release|Any CPU
		{ADB288CE-CA54-49ED-848D-D106535EE945}.Release|x86.ActiveCfg = Release|Any CPU
		{ADB288CE-CA54-49ED-848D-D106535EE945}.Release|x86.Build.0 = Release|Any CPU
		{42222268-B3A7-41E4-8D1E-0911E42F053C}.Debug|Any CPU.ActiveCfg = Debug|Any CPU
		{42222268-B3A7-41E4-8D1E-0911E42F053C}.Debug|Any CPU.Build.0 = Debug|Any CPU
		{42222268-B3A7-41E4-8D1E-0911E42F053C}.Debug|x64.ActiveCfg = Debug|Any CPU
		{42222268-B3A7-41E4-8D1E-0911E42F053C}.Debug|x64.Build.0 = Debug|Any CPU
		{42222268-B3A7-41E4-8D1E-0911E42F053C}.Debug|x86.ActiveCfg = Debug|Any CPU
		{42222268-B3A7-41E4-8D1E-0911E42F053C}.Debug|x86.Build.0 = Debug|Any CPU
		{42222268-B3A7-41E4-8D1E-0911E42F053C}.Release|Any CPU.ActiveCfg = Release|Any CPU
		{42222268-B3A7-41E4-8D1E-0911E42F053C}.Release|Any CPU.Build.0 = Release|Any CPU
		{42222268-B3A7-41E4-8D1E-0911E42F053C}.Release|x64.ActiveCfg = Release|Any CPU
		{42222268-B3A7-41E4-8D1E-0911E42F053C}.Release|x64.Build.0 = Release|Any CPU
		{42222268-B3A7-41E4-8D1E-0911E42F053C}.Release|x86.ActiveCfg = Release|Any CPU
		{42222268-B3A7-41E4-8D1E-0911E42F053C}.Release|x86.Build.0 = Release|Any CPU
		{2A77893C-4011-496D-9375-A84DC20F2E67}.Debug|Any CPU.ActiveCfg = Debug|Any CPU
		{2A77893C-4011-496D-9375-A84DC20F2E67}.Debug|Any CPU.Build.0 = Debug|Any CPU
		{2A77893C-4011-496D-9375-A84DC20F2E67}.Debug|x64.ActiveCfg = Debug|Any CPU
		{2A77893C-4011-496D-9375-A84DC20F2E67}.Debug|x64.Build.0 = Debug|Any CPU
		{2A77893C-4011-496D-9375-A84DC20F2E67}.Debug|x86.ActiveCfg = Debug|Any CPU
		{2A77893C-4011-496D-9375-A84DC20F2E67}.Debug|x86.Build.0 = Debug|Any CPU
		{2A77893C-4011-496D-9375-A84DC20F2E67}.Release|Any CPU.ActiveCfg = Release|Any CPU
		{2A77893C-4011-496D-9375-A84DC20F2E67}.Release|Any CPU.Build.0 = Release|Any CPU
		{2A77893C-4011-496D-9375-A84DC20F2E67}.Release|x64.ActiveCfg = Release|Any CPU
		{2A77893C-4011-496D-9375-A84DC20F2E67}.Release|x64.Build.0 = Release|Any CPU
		{2A77893C-4011-496D-9375-A84DC20F2E67}.Release|x86.ActiveCfg = Release|Any CPU
		{2A77893C-4011-496D-9375-A84DC20F2E67}.Release|x86.Build.0 = Release|Any CPU
		{9B3E4046-444F-4756-B4F3-6B35758224AF}.Debug|Any CPU.ActiveCfg = Debug|Any CPU
		{9B3E4046-444F-4756-B4F3-6B35758224AF}.Debug|Any CPU.Build.0 = Debug|Any CPU
		{9B3E4046-444F-4756-B4F3-6B35758224AF}.Debug|x64.ActiveCfg = Debug|Any CPU
		{9B3E4046-444F-4756-B4F3-6B35758224AF}.Debug|x64.Build.0 = Debug|Any CPU
		{9B3E4046-444F-4756-B4F3-6B35758224AF}.Debug|x86.ActiveCfg = Debug|Any CPU
		{9B3E4046-444F-4756-B4F3-6B35758224AF}.Debug|x86.Build.0 = Debug|Any CPU
		{9B3E4046-444F-4756-B4F3-6B35758224AF}.Release|Any CPU.ActiveCfg = Release|Any CPU
		{9B3E4046-444F-4756-B4F3-6B35758224AF}.Release|Any CPU.Build.0 = Release|Any CPU
		{9B3E4046-444F-4756-B4F3-6B35758224AF}.Release|x64.ActiveCfg = Release|Any CPU
		{9B3E4046-444F-4756-B4F3-6B35758224AF}.Release|x64.Build.0 = Release|Any CPU
		{9B3E4046-444F-4756-B4F3-6B35758224AF}.Release|x86.ActiveCfg = Release|Any CPU
		{9B3E4046-444F-4756-B4F3-6B35758224AF}.Release|x86.Build.0 = Release|Any CPU
		{2E9CFE41-2B86-41C9-A575-C80A29547106}.Debug|Any CPU.ActiveCfg = Debug|Any CPU
		{2E9CFE41-2B86-41C9-A575-C80A29547106}.Debug|Any CPU.Build.0 = Debug|Any CPU
		{2E9CFE41-2B86-41C9-A575-C80A29547106}.Debug|x64.ActiveCfg = Debug|Any CPU
		{2E9CFE41-2B86-41C9-A575-C80A29547106}.Debug|x64.Build.0 = Debug|Any CPU
		{2E9CFE41-2B86-41C9-A575-C80A29547106}.Debug|x86.ActiveCfg = Debug|Any CPU
		{2E9CFE41-2B86-41C9-A575-C80A29547106}.Debug|x86.Build.0 = Debug|Any CPU
		{2E9CFE41-2B86-41C9-A575-C80A29547106}.Release|Any CPU.ActiveCfg = Release|Any CPU
		{2E9CFE41-2B86-41C9-A575-C80A29547106}.Release|Any CPU.Build.0 = Release|Any CPU
		{2E9CFE41-2B86-41C9-A575-C80A29547106}.Release|x64.ActiveCfg = Release|Any CPU
		{2E9CFE41-2B86-41C9-A575-C80A29547106}.Release|x64.Build.0 = Release|Any CPU
		{2E9CFE41-2B86-41C9-A575-C80A29547106}.Release|x86.ActiveCfg = Release|Any CPU
		{2E9CFE41-2B86-41C9-A575-C80A29547106}.Release|x86.Build.0 = Release|Any CPU
		{2E21D663-B9B0-4B35-B5D4-B1044789466A}.Debug|Any CPU.ActiveCfg = Debug|Any CPU
		{2E21D663-B9B0-4B35-B5D4-B1044789466A}.Debug|Any CPU.Build.0 = Debug|Any CPU
		{2E21D663-B9B0-4B35-B5D4-B1044789466A}.Debug|x64.ActiveCfg = Debug|Any CPU
		{2E21D663-B9B0-4B35-B5D4-B1044789466A}.Debug|x64.Build.0 = Debug|Any CPU
		{2E21D663-B9B0-4B35-B5D4-B1044789466A}.Debug|x86.ActiveCfg = Debug|Any CPU
		{2E21D663-B9B0-4B35-B5D4-B1044789466A}.Debug|x86.Build.0 = Debug|Any CPU
		{2E21D663-B9B0-4B35-B5D4-B1044789466A}.Release|Any CPU.ActiveCfg = Release|Any CPU
		{2E21D663-B9B0-4B35-B5D4-B1044789466A}.Release|Any CPU.Build.0 = Release|Any CPU
		{2E21D663-B9B0-4B35-B5D4-B1044789466A}.Release|x64.ActiveCfg = Release|Any CPU
		{2E21D663-B9B0-4B35-B5D4-B1044789466A}.Release|x64.Build.0 = Release|Any CPU
		{2E21D663-B9B0-4B35-B5D4-B1044789466A}.Release|x86.ActiveCfg = Release|Any CPU
		{2E21D663-B9B0-4B35-B5D4-B1044789466A}.Release|x86.Build.0 = Release|Any CPU
		{4800B357-4DA3-441B-8E93-9F9614873B0D}.Debug|Any CPU.ActiveCfg = Debug|Any CPU
		{4800B357-4DA3-441B-8E93-9F9614873B0D}.Debug|Any CPU.Build.0 = Debug|Any CPU
		{4800B357-4DA3-441B-8E93-9F9614873B0D}.Debug|x64.ActiveCfg = Debug|Any CPU
		{4800B357-4DA3-441B-8E93-9F9614873B0D}.Debug|x64.Build.0 = Debug|Any CPU
		{4800B357-4DA3-441B-8E93-9F9614873B0D}.Debug|x86.ActiveCfg = Debug|Any CPU
		{4800B357-4DA3-441B-8E93-9F9614873B0D}.Debug|x86.Build.0 = Debug|Any CPU
		{4800B357-4DA3-441B-8E93-9F9614873B0D}.Release|Any CPU.ActiveCfg = Release|Any CPU
		{4800B357-4DA3-441B-8E93-9F9614873B0D}.Release|Any CPU.Build.0 = Release|Any CPU
		{4800B357-4DA3-441B-8E93-9F9614873B0D}.Release|x64.ActiveCfg = Release|Any CPU
		{4800B357-4DA3-441B-8E93-9F9614873B0D}.Release|x64.Build.0 = Release|Any CPU
		{4800B357-4DA3-441B-8E93-9F9614873B0D}.Release|x86.ActiveCfg = Release|Any CPU
		{4800B357-4DA3-441B-8E93-9F9614873B0D}.Release|x86.Build.0 = Release|Any CPU
		{8832EFD5-FD0E-431E-B160-7FB593F815E5}.Debug|Any CPU.ActiveCfg = Debug|Any CPU
		{8832EFD5-FD0E-431E-B160-7FB593F815E5}.Debug|Any CPU.Build.0 = Debug|Any CPU
		{8832EFD5-FD0E-431E-B160-7FB593F815E5}.Debug|x64.ActiveCfg = Debug|Any CPU
		{8832EFD5-FD0E-431E-B160-7FB593F815E5}.Debug|x64.Build.0 = Debug|Any CPU
		{8832EFD5-FD0E-431E-B160-7FB593F815E5}.Debug|x86.ActiveCfg = Debug|Any CPU
		{8832EFD5-FD0E-431E-B160-7FB593F815E5}.Debug|x86.Build.0 = Debug|Any CPU
		{8832EFD5-FD0E-431E-B160-7FB593F815E5}.Release|Any CPU.ActiveCfg = Release|Any CPU
		{8832EFD5-FD0E-431E-B160-7FB593F815E5}.Release|Any CPU.Build.0 = Release|Any CPU
		{8832EFD5-FD0E-431E-B160-7FB593F815E5}.Release|x64.ActiveCfg = Release|Any CPU
		{8832EFD5-FD0E-431E-B160-7FB593F815E5}.Release|x64.Build.0 = Release|Any CPU
		{8832EFD5-FD0E-431E-B160-7FB593F815E5}.Release|x86.ActiveCfg = Release|Any CPU
		{8832EFD5-FD0E-431E-B160-7FB593F815E5}.Release|x86.Build.0 = Release|Any CPU
		{7B569803-1263-40E7-A90B-F98E337EA583}.Debug|Any CPU.ActiveCfg = Debug|Any CPU
		{7B569803-1263-40E7-A90B-F98E337EA583}.Debug|Any CPU.Build.0 = Debug|Any CPU
		{7B569803-1263-40E7-A90B-F98E337EA583}.Debug|x64.ActiveCfg = Debug|Any CPU
		{7B569803-1263-40E7-A90B-F98E337EA583}.Debug|x64.Build.0 = Debug|Any CPU
		{7B569803-1263-40E7-A90B-F98E337EA583}.Debug|x86.ActiveCfg = Debug|Any CPU
		{7B569803-1263-40E7-A90B-F98E337EA583}.Debug|x86.Build.0 = Debug|Any CPU
		{7B569803-1263-40E7-A90B-F98E337EA583}.Release|Any CPU.ActiveCfg = Release|Any CPU
		{7B569803-1263-40E7-A90B-F98E337EA583}.Release|Any CPU.Build.0 = Release|Any CPU
		{7B569803-1263-40E7-A90B-F98E337EA583}.Release|x64.ActiveCfg = Release|Any CPU
		{7B569803-1263-40E7-A90B-F98E337EA583}.Release|x64.Build.0 = Release|Any CPU
		{7B569803-1263-40E7-A90B-F98E337EA583}.Release|x86.ActiveCfg = Release|Any CPU
		{7B569803-1263-40E7-A90B-F98E337EA583}.Release|x86.Build.0 = Release|Any CPU
		{6BBC8E62-22BB-423E-BB82-2E63EDA4930F}.Debug|Any CPU.ActiveCfg = Debug|Any CPU
		{6BBC8E62-22BB-423E-BB82-2E63EDA4930F}.Debug|Any CPU.Build.0 = Debug|Any CPU
		{6BBC8E62-22BB-423E-BB82-2E63EDA4930F}.Debug|x64.ActiveCfg = Debug|Any CPU
		{6BBC8E62-22BB-423E-BB82-2E63EDA4930F}.Debug|x64.Build.0 = Debug|Any CPU
		{6BBC8E62-22BB-423E-BB82-2E63EDA4930F}.Debug|x86.ActiveCfg = Debug|Any CPU
		{6BBC8E62-22BB-423E-BB82-2E63EDA4930F}.Debug|x86.Build.0 = Debug|Any CPU
		{6BBC8E62-22BB-423E-BB82-2E63EDA4930F}.Release|Any CPU.ActiveCfg = Release|Any CPU
		{6BBC8E62-22BB-423E-BB82-2E63EDA4930F}.Release|Any CPU.Build.0 = Release|Any CPU
		{6BBC8E62-22BB-423E-BB82-2E63EDA4930F}.Release|x64.ActiveCfg = Release|Any CPU
		{6BBC8E62-22BB-423E-BB82-2E63EDA4930F}.Release|x64.Build.0 = Release|Any CPU
		{6BBC8E62-22BB-423E-BB82-2E63EDA4930F}.Release|x86.ActiveCfg = Release|Any CPU
		{6BBC8E62-22BB-423E-BB82-2E63EDA4930F}.Release|x86.Build.0 = Release|Any CPU
		{48A6DB84-0D3A-4922-A632-3663ECB1729D}.Debug|Any CPU.ActiveCfg = Debug|Any CPU
		{48A6DB84-0D3A-4922-A632-3663ECB1729D}.Debug|Any CPU.Build.0 = Debug|Any CPU
		{48A6DB84-0D3A-4922-A632-3663ECB1729D}.Debug|x64.ActiveCfg = Debug|Any CPU
		{48A6DB84-0D3A-4922-A632-3663ECB1729D}.Debug|x64.Build.0 = Debug|Any CPU
		{48A6DB84-0D3A-4922-A632-3663ECB1729D}.Debug|x86.ActiveCfg = Debug|Any CPU
		{48A6DB84-0D3A-4922-A632-3663ECB1729D}.Debug|x86.Build.0 = Debug|Any CPU
		{48A6DB84-0D3A-4922-A632-3663ECB1729D}.Release|Any CPU.ActiveCfg = Release|Any CPU
		{48A6DB84-0D3A-4922-A632-3663ECB1729D}.Release|Any CPU.Build.0 = Release|Any CPU
		{48A6DB84-0D3A-4922-A632-3663ECB1729D}.Release|x64.ActiveCfg = Release|Any CPU
		{48A6DB84-0D3A-4922-A632-3663ECB1729D}.Release|x64.Build.0 = Release|Any CPU
		{48A6DB84-0D3A-4922-A632-3663ECB1729D}.Release|x86.ActiveCfg = Release|Any CPU
		{48A6DB84-0D3A-4922-A632-3663ECB1729D}.Release|x86.Build.0 = Release|Any CPU
		{7232F3E4-DD14-43B5-B073-1187AE01ECD2}.Debug|Any CPU.ActiveCfg = Debug|Any CPU
		{7232F3E4-DD14-43B5-B073-1187AE01ECD2}.Debug|Any CPU.Build.0 = Debug|Any CPU
		{7232F3E4-DD14-43B5-B073-1187AE01ECD2}.Debug|x64.ActiveCfg = Debug|Any CPU
		{7232F3E4-DD14-43B5-B073-1187AE01ECD2}.Debug|x64.Build.0 = Debug|Any CPU
		{7232F3E4-DD14-43B5-B073-1187AE01ECD2}.Debug|x86.ActiveCfg = Debug|Any CPU
		{7232F3E4-DD14-43B5-B073-1187AE01ECD2}.Debug|x86.Build.0 = Debug|Any CPU
		{7232F3E4-DD14-43B5-B073-1187AE01ECD2}.Release|Any CPU.ActiveCfg = Release|Any CPU
		{7232F3E4-DD14-43B5-B073-1187AE01ECD2}.Release|Any CPU.Build.0 = Release|Any CPU
		{7232F3E4-DD14-43B5-B073-1187AE01ECD2}.Release|x64.ActiveCfg = Release|Any CPU
		{7232F3E4-DD14-43B5-B073-1187AE01ECD2}.Release|x64.Build.0 = Release|Any CPU
		{7232F3E4-DD14-43B5-B073-1187AE01ECD2}.Release|x86.ActiveCfg = Release|Any CPU
		{7232F3E4-DD14-43B5-B073-1187AE01ECD2}.Release|x86.Build.0 = Release|Any CPU
		{C458EC1C-1AF8-4AF1-83B8-408869A8A05D}.Debug|Any CPU.ActiveCfg = Debug|Any CPU
		{C458EC1C-1AF8-4AF1-83B8-408869A8A05D}.Debug|Any CPU.Build.0 = Debug|Any CPU
		{C458EC1C-1AF8-4AF1-83B8-408869A8A05D}.Debug|x64.ActiveCfg = Debug|Any CPU
		{C458EC1C-1AF8-4AF1-83B8-408869A8A05D}.Debug|x64.Build.0 = Debug|Any CPU
		{C458EC1C-1AF8-4AF1-83B8-408869A8A05D}.Debug|x86.ActiveCfg = Debug|Any CPU
		{C458EC1C-1AF8-4AF1-83B8-408869A8A05D}.Debug|x86.Build.0 = Debug|Any CPU
		{C458EC1C-1AF8-4AF1-83B8-408869A8A05D}.Release|Any CPU.ActiveCfg = Release|Any CPU
		{C458EC1C-1AF8-4AF1-83B8-408869A8A05D}.Release|Any CPU.Build.0 = Release|Any CPU
		{C458EC1C-1AF8-4AF1-83B8-408869A8A05D}.Release|x64.ActiveCfg = Release|Any CPU
		{C458EC1C-1AF8-4AF1-83B8-408869A8A05D}.Release|x64.Build.0 = Release|Any CPU
		{C458EC1C-1AF8-4AF1-83B8-408869A8A05D}.Release|x86.ActiveCfg = Release|Any CPU
		{C458EC1C-1AF8-4AF1-83B8-408869A8A05D}.Release|x86.Build.0 = Release|Any CPU
		{4F2A832C-2FDC-444D-BD72-01F9997C8304}.Debug|Any CPU.ActiveCfg = Debug|Any CPU
		{4F2A832C-2FDC-444D-BD72-01F9997C8304}.Debug|Any CPU.Build.0 = Debug|Any CPU
		{4F2A832C-2FDC-444D-BD72-01F9997C8304}.Debug|x64.ActiveCfg = Debug|Any CPU
		{4F2A832C-2FDC-444D-BD72-01F9997C8304}.Debug|x64.Build.0 = Debug|Any CPU
		{4F2A832C-2FDC-444D-BD72-01F9997C8304}.Debug|x86.ActiveCfg = Debug|Any CPU
		{4F2A832C-2FDC-444D-BD72-01F9997C8304}.Debug|x86.Build.0 = Debug|Any CPU
		{4F2A832C-2FDC-444D-BD72-01F9997C8304}.Release|Any CPU.ActiveCfg = Release|Any CPU
		{4F2A832C-2FDC-444D-BD72-01F9997C8304}.Release|Any CPU.Build.0 = Release|Any CPU
		{4F2A832C-2FDC-444D-BD72-01F9997C8304}.Release|x64.ActiveCfg = Release|Any CPU
		{4F2A832C-2FDC-444D-BD72-01F9997C8304}.Release|x64.Build.0 = Release|Any CPU
		{4F2A832C-2FDC-444D-BD72-01F9997C8304}.Release|x86.ActiveCfg = Release|Any CPU
		{4F2A832C-2FDC-444D-BD72-01F9997C8304}.Release|x86.Build.0 = Release|Any CPU
		{8EAADF3D-62FB-4A0F-90BD-1B4301416D3D}.Debug|Any CPU.ActiveCfg = Debug|Any CPU
		{8EAADF3D-62FB-4A0F-90BD-1B4301416D3D}.Debug|Any CPU.Build.0 = Debug|Any CPU
		{8EAADF3D-62FB-4A0F-90BD-1B4301416D3D}.Debug|x64.ActiveCfg = Debug|Any CPU
		{8EAADF3D-62FB-4A0F-90BD-1B4301416D3D}.Debug|x64.Build.0 = Debug|Any CPU
		{8EAADF3D-62FB-4A0F-90BD-1B4301416D3D}.Debug|x86.ActiveCfg = Debug|Any CPU
		{8EAADF3D-62FB-4A0F-90BD-1B4301416D3D}.Debug|x86.Build.0 = Debug|Any CPU
		{8EAADF3D-62FB-4A0F-90BD-1B4301416D3D}.Release|Any CPU.ActiveCfg = Release|Any CPU
		{8EAADF3D-62FB-4A0F-90BD-1B4301416D3D}.Release|Any CPU.Build.0 = Release|Any CPU
		{8EAADF3D-62FB-4A0F-90BD-1B4301416D3D}.Release|x64.ActiveCfg = Release|Any CPU
		{8EAADF3D-62FB-4A0F-90BD-1B4301416D3D}.Release|x64.Build.0 = Release|Any CPU
		{8EAADF3D-62FB-4A0F-90BD-1B4301416D3D}.Release|x86.ActiveCfg = Release|Any CPU
		{8EAADF3D-62FB-4A0F-90BD-1B4301416D3D}.Release|x86.Build.0 = Release|Any CPU
		{0808911E-3799-4E78-B07A-E26C203A6C13}.Debug|Any CPU.ActiveCfg = Debug|Any CPU
		{0808911E-3799-4E78-B07A-E26C203A6C13}.Debug|Any CPU.Build.0 = Debug|Any CPU
		{0808911E-3799-4E78-B07A-E26C203A6C13}.Debug|x64.ActiveCfg = Debug|Any CPU
		{0808911E-3799-4E78-B07A-E26C203A6C13}.Debug|x64.Build.0 = Debug|Any CPU
		{0808911E-3799-4E78-B07A-E26C203A6C13}.Debug|x86.ActiveCfg = Debug|Any CPU
		{0808911E-3799-4E78-B07A-E26C203A6C13}.Debug|x86.Build.0 = Debug|Any CPU
		{0808911E-3799-4E78-B07A-E26C203A6C13}.Release|Any CPU.ActiveCfg = Release|Any CPU
		{0808911E-3799-4E78-B07A-E26C203A6C13}.Release|Any CPU.Build.0 = Release|Any CPU
		{0808911E-3799-4E78-B07A-E26C203A6C13}.Release|x64.ActiveCfg = Release|Any CPU
		{0808911E-3799-4E78-B07A-E26C203A6C13}.Release|x64.Build.0 = Release|Any CPU
		{0808911E-3799-4E78-B07A-E26C203A6C13}.Release|x86.ActiveCfg = Release|Any CPU
		{0808911E-3799-4E78-B07A-E26C203A6C13}.Release|x86.Build.0 = Release|Any CPU
		{3278ADB3-A00B-4AA9-8970-95626DEBA37A}.Debug|Any CPU.ActiveCfg = Debug|Any CPU
		{3278ADB3-A00B-4AA9-8970-95626DEBA37A}.Debug|Any CPU.Build.0 = Debug|Any CPU
		{3278ADB3-A00B-4AA9-8970-95626DEBA37A}.Debug|x64.ActiveCfg = Debug|Any CPU
		{3278ADB3-A00B-4AA9-8970-95626DEBA37A}.Debug|x64.Build.0 = Debug|Any CPU
		{3278ADB3-A00B-4AA9-8970-95626DEBA37A}.Debug|x86.ActiveCfg = Debug|Any CPU
		{3278ADB3-A00B-4AA9-8970-95626DEBA37A}.Debug|x86.Build.0 = Debug|Any CPU
		{3278ADB3-A00B-4AA9-8970-95626DEBA37A}.Release|Any CPU.ActiveCfg = Release|Any CPU
		{3278ADB3-A00B-4AA9-8970-95626DEBA37A}.Release|Any CPU.Build.0 = Release|Any CPU
		{3278ADB3-A00B-4AA9-8970-95626DEBA37A}.Release|x64.ActiveCfg = Release|Any CPU
		{3278ADB3-A00B-4AA9-8970-95626DEBA37A}.Release|x64.Build.0 = Release|Any CPU
		{3278ADB3-A00B-4AA9-8970-95626DEBA37A}.Release|x86.ActiveCfg = Release|Any CPU
		{3278ADB3-A00B-4AA9-8970-95626DEBA37A}.Release|x86.Build.0 = Release|Any CPU
		{1E37C776-D381-4FB5-A1A1-742A60732C98}.Debug|Any CPU.ActiveCfg = Debug|Any CPU
		{1E37C776-D381-4FB5-A1A1-742A60732C98}.Debug|Any CPU.Build.0 = Debug|Any CPU
		{1E37C776-D381-4FB5-A1A1-742A60732C98}.Debug|x64.ActiveCfg = Debug|Any CPU
		{1E37C776-D381-4FB5-A1A1-742A60732C98}.Debug|x64.Build.0 = Debug|Any CPU
		{1E37C776-D381-4FB5-A1A1-742A60732C98}.Debug|x86.ActiveCfg = Debug|Any CPU
		{1E37C776-D381-4FB5-A1A1-742A60732C98}.Debug|x86.Build.0 = Debug|Any CPU
		{1E37C776-D381-4FB5-A1A1-742A60732C98}.Release|Any CPU.ActiveCfg = Release|Any CPU
		{1E37C776-D381-4FB5-A1A1-742A60732C98}.Release|Any CPU.Build.0 = Release|Any CPU
		{1E37C776-D381-4FB5-A1A1-742A60732C98}.Release|x64.ActiveCfg = Release|Any CPU
		{1E37C776-D381-4FB5-A1A1-742A60732C98}.Release|x64.Build.0 = Release|Any CPU
		{1E37C776-D381-4FB5-A1A1-742A60732C98}.Release|x86.ActiveCfg = Release|Any CPU
		{1E37C776-D381-4FB5-A1A1-742A60732C98}.Release|x86.Build.0 = Release|Any CPU
		{D564C138-3322-4BC2-A7C4-DEA8AA299508}.Debug|Any CPU.ActiveCfg = Debug|Any CPU
		{D564C138-3322-4BC2-A7C4-DEA8AA299508}.Debug|Any CPU.Build.0 = Debug|Any CPU
		{D564C138-3322-4BC2-A7C4-DEA8AA299508}.Debug|x64.ActiveCfg = Debug|Any CPU
		{D564C138-3322-4BC2-A7C4-DEA8AA299508}.Debug|x64.Build.0 = Debug|Any CPU
		{D564C138-3322-4BC2-A7C4-DEA8AA299508}.Debug|x86.ActiveCfg = Debug|Any CPU
		{D564C138-3322-4BC2-A7C4-DEA8AA299508}.Debug|x86.Build.0 = Debug|Any CPU
		{D564C138-3322-4BC2-A7C4-DEA8AA299508}.Release|Any CPU.ActiveCfg = Release|Any CPU
		{D564C138-3322-4BC2-A7C4-DEA8AA299508}.Release|Any CPU.Build.0 = Release|Any CPU
		{D564C138-3322-4BC2-A7C4-DEA8AA299508}.Release|x64.ActiveCfg = Release|Any CPU
		{D564C138-3322-4BC2-A7C4-DEA8AA299508}.Release|x64.Build.0 = Release|Any CPU
		{D564C138-3322-4BC2-A7C4-DEA8AA299508}.Release|x86.ActiveCfg = Release|Any CPU
		{D564C138-3322-4BC2-A7C4-DEA8AA299508}.Release|x86.Build.0 = Release|Any CPU
		{C09E9452-488B-4F26-91D6-C958DD17BD95}.Debug|Any CPU.ActiveCfg = Debug|Any CPU
		{C09E9452-488B-4F26-91D6-C958DD17BD95}.Debug|Any CPU.Build.0 = Debug|Any CPU
		{C09E9452-488B-4F26-91D6-C958DD17BD95}.Debug|x64.ActiveCfg = Debug|Any CPU
		{C09E9452-488B-4F26-91D6-C958DD17BD95}.Debug|x64.Build.0 = Debug|Any CPU
		{C09E9452-488B-4F26-91D6-C958DD17BD95}.Debug|x86.ActiveCfg = Debug|Any CPU
		{C09E9452-488B-4F26-91D6-C958DD17BD95}.Debug|x86.Build.0 = Debug|Any CPU
		{C09E9452-488B-4F26-91D6-C958DD17BD95}.Release|Any CPU.ActiveCfg = Release|Any CPU
		{C09E9452-488B-4F26-91D6-C958DD17BD95}.Release|Any CPU.Build.0 = Release|Any CPU
		{C09E9452-488B-4F26-91D6-C958DD17BD95}.Release|x64.ActiveCfg = Release|Any CPU
		{C09E9452-488B-4F26-91D6-C958DD17BD95}.Release|x64.Build.0 = Release|Any CPU
		{C09E9452-488B-4F26-91D6-C958DD17BD95}.Release|x86.ActiveCfg = Release|Any CPU
		{C09E9452-488B-4F26-91D6-C958DD17BD95}.Release|x86.Build.0 = Release|Any CPU
		{8FF0D215-6082-4365-9C9E-F0CE876170D0}.Debug|Any CPU.ActiveCfg = Debug|Any CPU
		{8FF0D215-6082-4365-9C9E-F0CE876170D0}.Debug|Any CPU.Build.0 = Debug|Any CPU
		{8FF0D215-6082-4365-9C9E-F0CE876170D0}.Debug|x64.ActiveCfg = Debug|Any CPU
		{8FF0D215-6082-4365-9C9E-F0CE876170D0}.Debug|x64.Build.0 = Debug|Any CPU
		{8FF0D215-6082-4365-9C9E-F0CE876170D0}.Debug|x86.ActiveCfg = Debug|Any CPU
		{8FF0D215-6082-4365-9C9E-F0CE876170D0}.Debug|x86.Build.0 = Debug|Any CPU
		{8FF0D215-6082-4365-9C9E-F0CE876170D0}.Release|Any CPU.ActiveCfg = Release|Any CPU
		{8FF0D215-6082-4365-9C9E-F0CE876170D0}.Release|Any CPU.Build.0 = Release|Any CPU
		{8FF0D215-6082-4365-9C9E-F0CE876170D0}.Release|x64.ActiveCfg = Release|Any CPU
		{8FF0D215-6082-4365-9C9E-F0CE876170D0}.Release|x64.Build.0 = Release|Any CPU
		{8FF0D215-6082-4365-9C9E-F0CE876170D0}.Release|x86.ActiveCfg = Release|Any CPU
		{8FF0D215-6082-4365-9C9E-F0CE876170D0}.Release|x86.Build.0 = Release|Any CPU
		{FC1BE1F0-13DE-41C4-BD11-A582D5134EB9}.Debug|Any CPU.ActiveCfg = Debug|Any CPU
		{FC1BE1F0-13DE-41C4-BD11-A582D5134EB9}.Debug|Any CPU.Build.0 = Debug|Any CPU
		{FC1BE1F0-13DE-41C4-BD11-A582D5134EB9}.Debug|x64.ActiveCfg = Debug|Any CPU
		{FC1BE1F0-13DE-41C4-BD11-A582D5134EB9}.Debug|x64.Build.0 = Debug|Any CPU
		{FC1BE1F0-13DE-41C4-BD11-A582D5134EB9}.Debug|x86.ActiveCfg = Debug|Any CPU
		{FC1BE1F0-13DE-41C4-BD11-A582D5134EB9}.Debug|x86.Build.0 = Debug|Any CPU
		{FC1BE1F0-13DE-41C4-BD11-A582D5134EB9}.Release|Any CPU.ActiveCfg = Release|Any CPU
		{FC1BE1F0-13DE-41C4-BD11-A582D5134EB9}.Release|Any CPU.Build.0 = Release|Any CPU
		{FC1BE1F0-13DE-41C4-BD11-A582D5134EB9}.Release|x64.ActiveCfg = Release|Any CPU
		{FC1BE1F0-13DE-41C4-BD11-A582D5134EB9}.Release|x64.Build.0 = Release|Any CPU
		{FC1BE1F0-13DE-41C4-BD11-A582D5134EB9}.Release|x86.ActiveCfg = Release|Any CPU
		{FC1BE1F0-13DE-41C4-BD11-A582D5134EB9}.Release|x86.Build.0 = Release|Any CPU
		{CED6A5D9-828B-40AD-A008-691860F4B271}.Debug|Any CPU.ActiveCfg = Debug|Any CPU
		{CED6A5D9-828B-40AD-A008-691860F4B271}.Debug|Any CPU.Build.0 = Debug|Any CPU
		{CED6A5D9-828B-40AD-A008-691860F4B271}.Debug|x64.ActiveCfg = Debug|Any CPU
		{CED6A5D9-828B-40AD-A008-691860F4B271}.Debug|x64.Build.0 = Debug|Any CPU
		{CED6A5D9-828B-40AD-A008-691860F4B271}.Debug|x86.ActiveCfg = Debug|Any CPU
		{CED6A5D9-828B-40AD-A008-691860F4B271}.Debug|x86.Build.0 = Debug|Any CPU
		{CED6A5D9-828B-40AD-A008-691860F4B271}.Release|Any CPU.ActiveCfg = Release|Any CPU
		{CED6A5D9-828B-40AD-A008-691860F4B271}.Release|Any CPU.Build.0 = Release|Any CPU
		{CED6A5D9-828B-40AD-A008-691860F4B271}.Release|x64.ActiveCfg = Release|Any CPU
		{CED6A5D9-828B-40AD-A008-691860F4B271}.Release|x64.Build.0 = Release|Any CPU
		{CED6A5D9-828B-40AD-A008-691860F4B271}.Release|x86.ActiveCfg = Release|Any CPU
		{CED6A5D9-828B-40AD-A008-691860F4B271}.Release|x86.Build.0 = Release|Any CPU
		{FD650AFC-B16A-4FFE-85E0-B8175E55961A}.Debug|Any CPU.ActiveCfg = Debug|Any CPU
		{FD650AFC-B16A-4FFE-85E0-B8175E55961A}.Debug|Any CPU.Build.0 = Debug|Any CPU
		{FD650AFC-B16A-4FFE-85E0-B8175E55961A}.Debug|x64.ActiveCfg = Debug|Any CPU
		{FD650AFC-B16A-4FFE-85E0-B8175E55961A}.Debug|x64.Build.0 = Debug|Any CPU
		{FD650AFC-B16A-4FFE-85E0-B8175E55961A}.Debug|x86.ActiveCfg = Debug|Any CPU
		{FD650AFC-B16A-4FFE-85E0-B8175E55961A}.Debug|x86.Build.0 = Debug|Any CPU
		{FD650AFC-B16A-4FFE-85E0-B8175E55961A}.Release|Any CPU.ActiveCfg = Release|Any CPU
		{FD650AFC-B16A-4FFE-85E0-B8175E55961A}.Release|Any CPU.Build.0 = Release|Any CPU
		{FD650AFC-B16A-4FFE-85E0-B8175E55961A}.Release|x64.ActiveCfg = Release|Any CPU
		{FD650AFC-B16A-4FFE-85E0-B8175E55961A}.Release|x64.Build.0 = Release|Any CPU
		{FD650AFC-B16A-4FFE-85E0-B8175E55961A}.Release|x86.ActiveCfg = Release|Any CPU
		{FD650AFC-B16A-4FFE-85E0-B8175E55961A}.Release|x86.Build.0 = Release|Any CPU
		{B21CBF59-9457-42CC-BFDA-71AC70CA188F}.Debug|Any CPU.ActiveCfg = Debug|Any CPU
		{B21CBF59-9457-42CC-BFDA-71AC70CA188F}.Debug|Any CPU.Build.0 = Debug|Any CPU
		{B21CBF59-9457-42CC-BFDA-71AC70CA188F}.Debug|x64.ActiveCfg = Debug|Any CPU
		{B21CBF59-9457-42CC-BFDA-71AC70CA188F}.Debug|x64.Build.0 = Debug|Any CPU
		{B21CBF59-9457-42CC-BFDA-71AC70CA188F}.Debug|x86.ActiveCfg = Debug|Any CPU
		{B21CBF59-9457-42CC-BFDA-71AC70CA188F}.Debug|x86.Build.0 = Debug|Any CPU
		{B21CBF59-9457-42CC-BFDA-71AC70CA188F}.Release|Any CPU.ActiveCfg = Release|Any CPU
		{B21CBF59-9457-42CC-BFDA-71AC70CA188F}.Release|Any CPU.Build.0 = Release|Any CPU
		{B21CBF59-9457-42CC-BFDA-71AC70CA188F}.Release|x64.ActiveCfg = Release|Any CPU
		{B21CBF59-9457-42CC-BFDA-71AC70CA188F}.Release|x64.Build.0 = Release|Any CPU
		{B21CBF59-9457-42CC-BFDA-71AC70CA188F}.Release|x86.ActiveCfg = Release|Any CPU
		{B21CBF59-9457-42CC-BFDA-71AC70CA188F}.Release|x86.Build.0 = Release|Any CPU
		{4B56FBD8-DA22-4B09-9F12-EA174854C596}.Debug|Any CPU.ActiveCfg = Debug|Any CPU
		{4B56FBD8-DA22-4B09-9F12-EA174854C596}.Debug|Any CPU.Build.0 = Debug|Any CPU
		{4B56FBD8-DA22-4B09-9F12-EA174854C596}.Debug|x64.ActiveCfg = Debug|Any CPU
		{4B56FBD8-DA22-4B09-9F12-EA174854C596}.Debug|x64.Build.0 = Debug|Any CPU
		{4B56FBD8-DA22-4B09-9F12-EA174854C596}.Debug|x86.ActiveCfg = Debug|Any CPU
		{4B56FBD8-DA22-4B09-9F12-EA174854C596}.Debug|x86.Build.0 = Debug|Any CPU
		{4B56FBD8-DA22-4B09-9F12-EA174854C596}.Release|Any CPU.ActiveCfg = Release|Any CPU
		{4B56FBD8-DA22-4B09-9F12-EA174854C596}.Release|Any CPU.Build.0 = Release|Any CPU
		{4B56FBD8-DA22-4B09-9F12-EA174854C596}.Release|x64.ActiveCfg = Release|Any CPU
		{4B56FBD8-DA22-4B09-9F12-EA174854C596}.Release|x64.Build.0 = Release|Any CPU
		{4B56FBD8-DA22-4B09-9F12-EA174854C596}.Release|x86.ActiveCfg = Release|Any CPU
		{4B56FBD8-DA22-4B09-9F12-EA174854C596}.Release|x86.Build.0 = Release|Any CPU
		{642EBC30-F547-4E0D-9BA8-B5507E6C9B9C}.Debug|Any CPU.ActiveCfg = Debug|Any CPU
		{642EBC30-F547-4E0D-9BA8-B5507E6C9B9C}.Debug|Any CPU.Build.0 = Debug|Any CPU
		{642EBC30-F547-4E0D-9BA8-B5507E6C9B9C}.Debug|x64.ActiveCfg = Debug|Any CPU
		{642EBC30-F547-4E0D-9BA8-B5507E6C9B9C}.Debug|x64.Build.0 = Debug|Any CPU
		{642EBC30-F547-4E0D-9BA8-B5507E6C9B9C}.Debug|x86.ActiveCfg = Debug|Any CPU
		{642EBC30-F547-4E0D-9BA8-B5507E6C9B9C}.Debug|x86.Build.0 = Debug|Any CPU
		{642EBC30-F547-4E0D-9BA8-B5507E6C9B9C}.Release|Any CPU.ActiveCfg = Release|Any CPU
		{642EBC30-F547-4E0D-9BA8-B5507E6C9B9C}.Release|Any CPU.Build.0 = Release|Any CPU
		{642EBC30-F547-4E0D-9BA8-B5507E6C9B9C}.Release|x64.ActiveCfg = Release|Any CPU
		{642EBC30-F547-4E0D-9BA8-B5507E6C9B9C}.Release|x64.Build.0 = Release|Any CPU
		{642EBC30-F547-4E0D-9BA8-B5507E6C9B9C}.Release|x86.ActiveCfg = Release|Any CPU
		{642EBC30-F547-4E0D-9BA8-B5507E6C9B9C}.Release|x86.Build.0 = Release|Any CPU
		{CA073F2F-9CE7-41EE-AFEC-78CD1F6A75DC}.Debug|Any CPU.ActiveCfg = Debug|Any CPU
		{CA073F2F-9CE7-41EE-AFEC-78CD1F6A75DC}.Debug|Any CPU.Build.0 = Debug|Any CPU
		{CA073F2F-9CE7-41EE-AFEC-78CD1F6A75DC}.Debug|x64.ActiveCfg = Debug|Any CPU
		{CA073F2F-9CE7-41EE-AFEC-78CD1F6A75DC}.Debug|x64.Build.0 = Debug|Any CPU
		{CA073F2F-9CE7-41EE-AFEC-78CD1F6A75DC}.Debug|x86.ActiveCfg = Debug|Any CPU
		{CA073F2F-9CE7-41EE-AFEC-78CD1F6A75DC}.Debug|x86.Build.0 = Debug|Any CPU
		{CA073F2F-9CE7-41EE-AFEC-78CD1F6A75DC}.Release|Any CPU.ActiveCfg = Release|Any CPU
		{CA073F2F-9CE7-41EE-AFEC-78CD1F6A75DC}.Release|Any CPU.Build.0 = Release|Any CPU
		{CA073F2F-9CE7-41EE-AFEC-78CD1F6A75DC}.Release|x64.ActiveCfg = Release|Any CPU
		{CA073F2F-9CE7-41EE-AFEC-78CD1F6A75DC}.Release|x64.Build.0 = Release|Any CPU
		{CA073F2F-9CE7-41EE-AFEC-78CD1F6A75DC}.Release|x86.ActiveCfg = Release|Any CPU
		{CA073F2F-9CE7-41EE-AFEC-78CD1F6A75DC}.Release|x86.Build.0 = Release|Any CPU
		{BF832A35-624E-4AC5-8B4E-9088EE68371C}.Debug|Any CPU.ActiveCfg = Debug|Any CPU
		{BF832A35-624E-4AC5-8B4E-9088EE68371C}.Debug|Any CPU.Build.0 = Debug|Any CPU
		{BF832A35-624E-4AC5-8B4E-9088EE68371C}.Debug|x64.ActiveCfg = Debug|Any CPU
		{BF832A35-624E-4AC5-8B4E-9088EE68371C}.Debug|x64.Build.0 = Debug|Any CPU
		{BF832A35-624E-4AC5-8B4E-9088EE68371C}.Debug|x86.ActiveCfg = Debug|Any CPU
		{BF832A35-624E-4AC5-8B4E-9088EE68371C}.Debug|x86.Build.0 = Debug|Any CPU
		{BF832A35-624E-4AC5-8B4E-9088EE68371C}.Release|Any CPU.ActiveCfg = Release|Any CPU
		{BF832A35-624E-4AC5-8B4E-9088EE68371C}.Release|Any CPU.Build.0 = Release|Any CPU
		{BF832A35-624E-4AC5-8B4E-9088EE68371C}.Release|x64.ActiveCfg = Release|Any CPU
		{BF832A35-624E-4AC5-8B4E-9088EE68371C}.Release|x64.Build.0 = Release|Any CPU
		{BF832A35-624E-4AC5-8B4E-9088EE68371C}.Release|x86.ActiveCfg = Release|Any CPU
		{BF832A35-624E-4AC5-8B4E-9088EE68371C}.Release|x86.Build.0 = Release|Any CPU
	EndGlobalSection
	GlobalSection(SolutionProperties) = preSolution
		HideSolutionNode = FALSE
	EndGlobalSection
	GlobalSection(ExtensibilityGlobals) = postSolution
		SolutionGuid = {72FD7C8D-F3C0-4E82-BE16-06313C6D784E}
	EndGlobalSection
EndGlobal
